<?xml version="1.0" encoding="utf-8"?>
<Project ToolsVersion="4.0" xmlns="http://schemas.microsoft.com/developer/msbuild/2003">
  <ItemGroup>
    <Filter Include="Source Files">
      <UniqueIdentifier>{4FC737F1-C7A5-4376-A066-2A32D752A2FF}</UniqueIdentifier>
      <Extensions>cpp;c;cc;cxx;def;odl;idl;hpj;bat;asm;asmx</Extensions>
    </Filter>
    <Filter Include="Header Files">
      <UniqueIdentifier>{93995380-89BD-4b04-88EB-625FBE52EBFB}</UniqueIdentifier>
      <Extensions>h;hh;hpp;hxx;hm;inl;inc;xsd</Extensions>
    </Filter>
    <Filter Include="Resource Files">
      <UniqueIdentifier>{67DA6AB6-F800-4c08-8B7A-83BB121AAD01}</UniqueIdentifier>
      <Extensions>rc;ico;cur;bmp;dlg;rc2;rct;bin;rgs;gif;jpg;jpeg;jpe;resx;tiff;tif;png;wav;mfcribbon-ms</Extensions>
    </Filter>
  </ItemGroup>
  <ItemGroup>
    <ClCompile Include="MyForm.cpp">
      <Filter>Source Files</Filter>
    </ClCompile>
    <ClCompile Include="CalculatedData.cpp">
      <Filter>Source Files</Filter>
    </ClCompile>
    <ClCompile Include="Cycle.cpp">
      <Filter>Source Files</Filter>
    </ClCompile>
    <ClCompile Include="DataController.cpp">
      <Filter>Source Files</Filter>
    </ClCompile>
    <ClCompile Include="EngineInfo.cpp">
      <Filter>Source Files</Filter>
    </ClCompile>
    <ClCompile Include="InterpolationMethods.cpp">
      <Filter>Source Files</Filter>
    </ClCompile>
    <ClCompile Include="PolyFunc.cpp">
      <Filter>Source Files</Filter>
    </ClCompile>
    <ClCompile Include="RawData.cpp">
      <Filter>Source Files</Filter>
    </ClCompile>
    <ClCompile Include="EngineInfoForm.cpp">
      <Filter>Source Files</Filter>
    </ClCompile>
    <ClCompile Include="CyclesForm.cpp">
      <Filter>Source Files</Filter>
    </ClCompile>
    <ClCompile Include="MyForm1.cpp">
      <Filter>Source Files</Filter>
    </ClCompile>
    <ClCompile Include="ChooseGraphForm.cpp">
      <Filter>Source Files</Filter>
    </ClCompile>
    <ClCompile Include="PerformanceGraphForm.cpp">
      <Filter>Source Files</Filter>
    </ClCompile>
    <ClCompile Include="ElectricalPowerByCurrentGraphForm.cpp">
      <Filter>Source Files</Filter>
    </ClCompile>
  </ItemGroup>
  <ItemGroup>
    <ClInclude Include="MyForm.h">
      <Filter>Header Files</Filter>
    </ClInclude>
    <ClInclude Include="CalculatedData.h">
      <Filter>Header Files</Filter>
    </ClInclude>
    <ClInclude Include="Cycle.h">
      <Filter>Header Files</Filter>
    </ClInclude>
    <ClInclude Include="DataController.h">
      <Filter>Header Files</Filter>
    </ClInclude>
    <ClInclude Include="EngineInfo.h">
      <Filter>Header Files</Filter>
    </ClInclude>
    <ClInclude Include="InterpolationMethods.h">
      <Filter>Header Files</Filter>
    </ClInclude>
    <ClInclude Include="PolyFunc.h">
      <Filter>Header Files</Filter>
    </ClInclude>
    <ClInclude Include="RawData.h">
      <Filter>Header Files</Filter>
    </ClInclude>
    <ClInclude Include="EngineInfoForm.h">
      <Filter>Header Files</Filter>
    </ClInclude>
    <ClInclude Include="CyclesForm.h">
      <Filter>Header Files</Filter>
    </ClInclude>
    <ClInclude Include="PerformanceGraphForm.h">
      <Filter>Header Files</Filter>
    </ClInclude>
    <ClInclude Include="ChooseGraphForm.h">
      <Filter>Header Files</Filter>
    </ClInclude>
    <ClInclude Include="ElectricalPowerByCurrentGraphForm.h">
      <Filter>Header Files</Filter>
    </ClInclude>
    <ClInclude Include="PerformanceGraphOpenGL.h">
      <Filter>Header Files</Filter>
    </ClInclude>
    <ClInclude Include="ElectricalPowerByCurrentOpenGL.h">
      <Filter>Header Files</Filter>
    </ClInclude>
  </ItemGroup>
  <ItemGroup>
    <EmbeddedResource Include="MyForm.resx">
      <Filter>Resource Files</Filter>
    </EmbeddedResource>
    <EmbeddedResource Include="EngineInfoForm.resx">
      <Filter>Resource Files</Filter>
    </EmbeddedResource>
    <EmbeddedResource Include="CyclesForm.resx">
      <Filter>Resource Files</Filter>
    </EmbeddedResource>
    <EmbeddedResource Include="PerformanceGraphForm.resx">
      <Filter>Resource Files</Filter>
    </EmbeddedResource>
    <EmbeddedResource Include="ChooseGraphForm.resx">
      <Filter>Resource Files</Filter>
    </EmbeddedResource>
    <EmbeddedResource Include="ElectricalPowerByCurrentGraphForm.resx">
      <Filter>Resource Files</Filter>
    </EmbeddedResource>
  </ItemGroup>
</Project>